
Microsoft Visual Studio Solution File, Format Version 12.00
# Visual Studio Version 17
VisualStudioVersion = 17.14.36930.0
MinimumVisualStudioVersion = 10.0.40219.1
Project("{FAE04EC0-301F-11D3-BF4B-00C04F79EFBC}") = "PromptEngineering.Client", "PromptEngineering.Client\PromptEngineering.Client.csproj", "{F8F1F03B-69B9-4B8A-A73B-FBC6CD7B501A}"
EndProject
Project("{FAE04EC0-301F-11D3-BF4B-00C04F79EFBC}") = "PromptEngineering.LLM", "PromptEngineering.LLM\PromptEngineering.LLM.csproj", "{1CF0BD91-F449-414C-A93E-890CF9C2A307}"
EndProject
Project("{FAE04EC0-301F-11D3-BF4B-00C04F79EFBC}") = "PromptEngineering.Model", "PromptEngineering.Model\PromptEngineering.Model.csproj", "{78CE5904-42D7-412B-8BC4-529B669752B2}"
EndProject
Project("{FAE04EC0-301F-11D3-BF4B-00C04F79EFBC}") = "PromptEngineering.Services", "PromptEngineering.Services\PromptEngineering.Services.csproj", "{E182F9F3-2003-4DF1-A432-701ACF6A35B7}"
EndProject
Project("{2150E333-8FDC-42A3-9474-1A3956D46DE8}") = "tests", "tests", "{0AB3BF05-4346-4AA6-1389-037BE0695223}"
EndProject
Project("{FAE04EC0-301F-11D3-BF4B-00C04F79EFBC}") = "PromptEngineering.Services.Tests", "..\tests\PromptEngineering.Services.Tests\PromptEngineering.Services.Tests.csproj", "{D40EE306-9A2B-4E91-AA3A-259CF3A9FD63}"
EndProject
Project("{FAE04EC0-301F-11D3-BF4B-00C04F79EFBC}") = "Rag", "Rag\Rag.csproj", "{4E12159E-5AE3-48E7-87E0-745C77592C98}"
EndProject
Project("{FAE04EC0-301F-11D3-BF4B-00C04F79EFBC}") = "Agent", "Agent\Agent.csproj", "{706F17CF-A737-4C49-9B72-210993F72038}"
EndProject
Project("{FAE04EC0-301F-11D3-BF4B-00C04F79EFBC}") = "Security", "Security\Security.csproj", "{4E64B567-8B33-480C-AFFB-CED616AFDF4C}"
EndProject
Project("{FAE04EC0-301F-11D3-BF4B-00C04F79EFBC}") = "Chatbot", "Chatbot\Chatbot.csproj", "{D7C0ADE5-570A-103F-04F8-2F7F08F03279}"
EndProject
Project("{A9E3F50B-275E-4AF7-ADCE-8BE12D41E305}") = "M365Agent", "M365Agent\M365Agent.atkproj", "{B069B3BD-F6BC-CC40-82AB-3FCC2EA50FDF}"
EndProject
Project("{FAE04EC0-301F-11D3-BF4B-00C04F79EFBC}") = "PromptEngineering.SpaceMissions", "PromptEngineering.SpaceMissions\PromptEngineering.SpaceMissions.csproj", "{BF9724FF-174F-4F13-B622-CAF8D22B1E08}"
EndProject
Project("{FAE04EC0-301F-11D3-BF4B-00C04F79EFBC}") = "SpaceMissions.McpServer", "SpaceMissions.McpServer\SpaceMissions.McpServer.csproj", "{37B58BCE-E6D6-4364-A616-C2D1CF3DEF80}"
EndProject
Project("{FAE04EC0-301F-11D3-BF4B-00C04F79EFBC}") = "PromptEngineering.Mcp", "PromptEngineering.Mcp\PromptEngineering.Mcp.csproj", "{8C98FB6F-E500-4384-95A6-FD11C2582D28}"
EndProject
Project("{FAE04EC0-301F-11D3-BF4B-00C04F79EFBC}") = "PromptEngineering.SpaceMissions.Tests", "..\tests\PromptEngineering.SpaceMissions.Tests\PromptEngineering.SpaceMissions.Tests.csproj", "{4D535B23-C891-4D7D-9FD9-3F3ADE475A24}"
EndProject
Project("{FAE04EC0-301F-11D3-BF4B-00C04F79EFBC}") = "SpaceMissions.McpServer.Tests", "..\tests\SpaceMissions.McpServer.Tests\SpaceMissions.McpServer.Tests.csproj", "{61EDD202-D93C-4309-8B23-596EE90D2751}"
EndProject
Project("{FAE04EC0-301F-11D3-BF4B-00C04F79EFBC}") = "Chatbot.Tests", "..\tests\Chatbot.Tests\Chatbot.Tests.csproj", "{D22AC138-D517-4420-A25A-A735334A4DF6}"
EndProject
Project("{FAE04EC0-301F-11D3-BF4B-00C04F79EFBC}") = "PromptEngineering.LLM.Tests", "..\tests\PromptEngineering.LLM.Tests\PromptEngineering.LLM.Tests.csproj", "{666C8BC6-6100-4B9F-875C-72C62194C2CD}"
EndProject
Global
	GlobalSection(SolutionConfigurationPlatforms) = preSolution
		Debug|Any CPU = Debug|Any CPU
		Debug|x64 = Debug|x64
		Debug|x86 = Debug|x86
		Release|Any CPU = Release|Any CPU
		Release|x64 = Release|x64
		Release|x86 = Release|x86
	EndGlobalSection
	GlobalSection(ProjectConfigurationPlatforms) = postSolution
		{F8F1F03B-69B9-4B8A-A73B-FBC6CD7B501A}.Debug|Any CPU.ActiveCfg = Debug|Any CPU
		{F8F1F03B-69B9-4B8A-A73B-FBC6CD7B501A}.Debug|Any CPU.Build.0 = Debug|Any CPU
		{F8F1F03B-69B9-4B8A-A73B-FBC6CD7B501A}.Debug|x64.ActiveCfg = Debug|Any CPU
		{F8F1F03B-69B9-4B8A-A73B-FBC6CD7B501A}.Debug|x64.Build.0 = Debug|Any CPU
		{F8F1F03B-69B9-4B8A-A73B-FBC6CD7B501A}.Debug|x86.ActiveCfg = Debug|Any CPU
		{F8F1F03B-69B9-4B8A-A73B-FBC6CD7B501A}.Debug|x86.Build.0 = Debug|Any CPU
		{F8F1F03B-69B9-4B8A-A73B-FBC6CD7B501A}.Release|Any CPU.ActiveCfg = Release|Any CPU
		{F8F1F03B-69B9-4B8A-A73B-FBC6CD7B501A}.Release|Any CPU.Build.0 = Release|Any CPU
		{F8F1F03B-69B9-4B8A-A73B-FBC6CD7B501A}.Release|x64.ActiveCfg = Release|Any CPU
		{F8F1F03B-69B9-4B8A-A73B-FBC6CD7B501A}.Release|x64.Build.0 = Release|Any CPU
		{F8F1F03B-69B9-4B8A-A73B-FBC6CD7B501A}.Release|x86.ActiveCfg = Release|Any CPU
		{F8F1F03B-69B9-4B8A-A73B-FBC6CD7B501A}.Release|x86.Build.0 = Release|Any CPU
		{1CF0BD91-F449-414C-A93E-890CF9C2A307}.Debug|Any CPU.ActiveCfg = Debug|Any CPU
		{1CF0BD91-F449-414C-A93E-890CF9C2A307}.Debug|Any CPU.Build.0 = Debug|Any CPU
		{1CF0BD91-F449-414C-A93E-890CF9C2A307}.Debug|x64.ActiveCfg = Debug|Any CPU
		{1CF0BD91-F449-414C-A93E-890CF9C2A307}.Debug|x64.Build.0 = Debug|Any CPU
		{1CF0BD91-F449-414C-A93E-890CF9C2A307}.Debug|x86.ActiveCfg = Debug|Any CPU
		{1CF0BD91-F449-414C-A93E-890CF9C2A307}.Debug|x86.Build.0 = Debug|Any CPU
		{1CF0BD91-F449-414C-A93E-890CF9C2A307}.Release|Any CPU.ActiveCfg = Release|Any CPU
		{1CF0BD91-F449-414C-A93E-890CF9C2A307}.Release|Any CPU.Build.0 = Release|Any CPU
		{1CF0BD91-F449-414C-A93E-890CF9C2A307}.Release|x64.ActiveCfg = Release|Any CPU
		{1CF0BD91-F449-414C-A93E-890CF9C2A307}.Release|x64.Build.0 = Release|Any CPU
		{1CF0BD91-F449-414C-A93E-890CF9C2A307}.Release|x86.ActiveCfg = Release|Any CPU
		{1CF0BD91-F449-414C-A93E-890CF9C2A307}.Release|x86.Build.0 = Release|Any CPU
		{78CE5904-42D7-412B-8BC4-529B669752B2}.Debug|Any CPU.ActiveCfg = Debug|Any CPU
		{78CE5904-42D7-412B-8BC4-529B669752B2}.Debug|Any CPU.Build.0 = Debug|Any CPU
		{78CE5904-42D7-412B-8BC4-529B669752B2}.Debug|x64.ActiveCfg = Debug|Any CPU
		{78CE5904-42D7-412B-8BC4-529B669752B2}.Debug|x64.Build.0 = Debug|Any CPU
		{78CE5904-42D7-412B-8BC4-529B669752B2}.Debug|x86.ActiveCfg = Debug|Any CPU
		{78CE5904-42D7-412B-8BC4-529B669752B2}.Debug|x86.Build.0 = Debug|Any CPU
		{78CE5904-42D7-412B-8BC4-529B669752B2}.Release|Any CPU.ActiveCfg = Release|Any CPU
		{78CE5904-42D7-412B-8BC4-529B669752B2}.Release|Any CPU.Build.0 = Release|Any CPU
		{78CE5904-42D7-412B-8BC4-529B669752B2}.Release|x64.ActiveCfg = Release|Any CPU
		{78CE5904-42D7-412B-8BC4-529B669752B2}.Release|x64.Build.0 = Release|Any CPU
		{78CE5904-42D7-412B-8BC4-529B669752B2}.Release|x86.ActiveCfg = Release|Any CPU
		{78CE5904-42D7-412B-8BC4-529B669752B2}.Release|x86.Build.0 = Release|Any CPU
		{E182F9F3-2003-4DF1-A432-701ACF6A35B7}.Debug|Any CPU.ActiveCfg = Debug|Any CPU
		{E182F9F3-2003-4DF1-A432-701ACF6A35B7}.Debug|Any CPU.Build.0 = Debug|Any CPU
		{E182F9F3-2003-4DF1-A432-701ACF6A35B7}.Debug|x64.ActiveCfg = Debug|Any CPU
		{E182F9F3-2003-4DF1-A432-701ACF6A35B7}.Debug|x64.Build.0 = Debug|Any CPU
		{E182F9F3-2003-4DF1-A432-701ACF6A35B7}.Debug|x86.ActiveCfg = Debug|Any CPU
		{E182F9F3-2003-4DF1-A432-701ACF6A35B7}.Debug|x86.Build.0 = Debug|Any CPU
		{E182F9F3-2003-4DF1-A432-701ACF6A35B7}.Release|Any CPU.ActiveCfg = Release|Any CPU
		{E182F9F3-2003-4DF1-A432-701ACF6A35B7}.Release|Any CPU.Build.0 = Release|Any CPU
		{E182F9F3-2003-4DF1-A432-701ACF6A35B7}.Release|x64.ActiveCfg = Release|Any CPU
		{E182F9F3-2003-4DF1-A432-701ACF6A35B7}.Release|x64.Build.0 = Release|Any CPU
		{E182F9F3-2003-4DF1-A432-701ACF6A35B7}.Release|x86.ActiveCfg = Release|Any CPU
		{E182F9F3-2003-4DF1-A432-701ACF6A35B7}.Release|x86.Build.0 = Release|Any CPU
		{D40EE306-9A2B-4E91-AA3A-259CF3A9FD63}.Debug|Any CPU.ActiveCfg = Debug|Any CPU
		{D40EE306-9A2B-4E91-AA3A-259CF3A9FD63}.Debug|Any CPU.Build.0 = Debug|Any CPU
		{D40EE306-9A2B-4E91-AA3A-259CF3A9FD63}.Debug|x64.ActiveCfg = Debug|Any CPU
		{D40EE306-9A2B-4E91-AA3A-259CF3A9FD63}.Debug|x64.Build.0 = Debug|Any CPU
		{D40EE306-9A2B-4E91-AA3A-259CF3A9FD63}.Debug|x86.ActiveCfg = Debug|Any CPU
		{D40EE306-9A2B-4E91-AA3A-259CF3A9FD63}.Debug|x86.Build.0 = Debug|Any CPU
		{D40EE306-9A2B-4E91-AA3A-259CF3A9FD63}.Release|Any CPU.ActiveCfg = Release|Any CPU
		{D40EE306-9A2B-4E91-AA3A-259CF3A9FD63}.Release|Any CPU.Build.0 = Release|Any CPU
		{D40EE306-9A2B-4E91-AA3A-259CF3A9FD63}.Release|x64.ActiveCfg = Release|Any CPU
		{D40EE306-9A2B-4E91-AA3A-259CF3A9FD63}.Release|x64.Build.0 = Release|Any CPU
		{D40EE306-9A2B-4E91-AA3A-259CF3A9FD63}.Release|x86.ActiveCfg = Release|Any CPU
		{D40EE306-9A2B-4E91-AA3A-259CF3A9FD63}.Release|x86.Build.0 = Release|Any CPU
		{4E12159E-5AE3-48E7-87E0-745C77592C98}.Debug|Any CPU.ActiveCfg = Debug|Any CPU
		{4E12159E-5AE3-48E7-87E0-745C77592C98}.Debug|Any CPU.Build.0 = Debug|Any CPU
		{4E12159E-5AE3-48E7-87E0-745C77592C98}.Debug|x64.ActiveCfg = Debug|Any CPU
		{4E12159E-5AE3-48E7-87E0-745C77592C98}.Debug|x64.Build.0 = Debug|Any CPU
		{4E12159E-5AE3-48E7-87E0-745C77592C98}.Debug|x86.ActiveCfg = Debug|Any CPU
		{4E12159E-5AE3-48E7-87E0-745C77592C98}.Debug|x86.Build.0 = Debug|Any CPU
		{4E12159E-5AE3-48E7-87E0-745C77592C98}.Release|Any CPU.ActiveCfg = Release|Any CPU
		{4E12159E-5AE3-48E7-87E0-745C77592C98}.Release|Any CPU.Build.0 = Release|Any CPU
		{4E12159E-5AE3-48E7-87E0-745C77592C98}.Release|x64.ActiveCfg = Release|Any CPU
		{4E12159E-5AE3-48E7-87E0-745C77592C98}.Release|x64.Build.0 = Release|Any CPU
		{4E12159E-5AE3-48E7-87E0-745C77592C98}.Release|x86.ActiveCfg = Release|Any CPU
		{4E12159E-5AE3-48E7-87E0-745C77592C98}.Release|x86.Build.0 = Release|Any CPU
		{706F17CF-A737-4C49-9B72-210993F72038}.Debug|Any CPU.ActiveCfg = Debug|Any CPU
		{706F17CF-A737-4C49-9B72-210993F72038}.Debug|Any CPU.Build.0 = Debug|Any CPU
		{706F17CF-A737-4C49-9B72-210993F72038}.Debug|x64.ActiveCfg = Debug|Any CPU
		{706F17CF-A737-4C49-9B72-210993F72038}.Debug|x64.Build.0 = Debug|Any CPU
		{706F17CF-A737-4C49-9B72-210993F72038}.Debug|x86.ActiveCfg = Debug|Any CPU
		{706F17CF-A737-4C49-9B72-210993F72038}.Debug|x86.Build.0 = Debug|Any CPU
		{706F17CF-A737-4C49-9B72-210993F72038}.Release|Any CPU.ActiveCfg = Release|Any CPU
		{706F17CF-A737-4C49-9B72-210993F72038}.Release|Any CPU.Build.0 = Release|Any CPU
		{706F17CF-A737-4C49-9B72-210993F72038}.Release|x64.ActiveCfg = Release|Any CPU
		{706F17CF-A737-4C49-9B72-210993F72038}.Release|x64.Build.0 = Release|Any CPU
		{706F17CF-A737-4C49-9B72-210993F72038}.Release|x86.ActiveCfg = Release|Any CPU
		{706F17CF-A737-4C49-9B72-210993F72038}.Release|x86.Build.0 = Release|Any CPU
		{4E64B567-8B33-480C-AFFB-CED616AFDF4C}.Debug|Any CPU.ActiveCfg = Debug|Any CPU
		{4E64B567-8B33-480C-AFFB-CED616AFDF4C}.Debug|Any CPU.Build.0 = Debug|Any CPU
		{4E64B567-8B33-480C-AFFB-CED616AFDF4C}.Debug|x64.ActiveCfg = Debug|Any CPU
		{4E64B567-8B33-480C-AFFB-CED616AFDF4C}.Debug|x64.Build.0 = Debug|Any CPU
		{4E64B567-8B33-480C-AFFB-CED616AFDF4C}.Debug|x86.ActiveCfg = Debug|Any CPU
		{4E64B567-8B33-480C-AFFB-CED616AFDF4C}.Debug|x86.Build.0 = Debug|Any CPU
		{4E64B567-8B33-480C-AFFB-CED616AFDF4C}.Release|Any CPU.ActiveCfg = Release|Any CPU
		{4E64B567-8B33-480C-AFFB-CED616AFDF4C}.Release|Any CPU.Build.0 = Release|Any CPU
		{4E64B567-8B33-480C-AFFB-CED616AFDF4C}.Release|x64.ActiveCfg = Release|Any CPU
		{4E64B567-8B33-480C-AFFB-CED616AFDF4C}.Release|x64.Build.0 = Release|Any CPU
		{4E64B567-8B33-480C-AFFB-CED616AFDF4C}.Release|x86.ActiveCfg = Release|Any CPU
		{4E64B567-8B33-480C-AFFB-CED616AFDF4C}.Release|x86.Build.0 = Release|Any CPU
		{D7C0ADE5-570A-103F-04F8-2F7F08F03279}.Debug|Any CPU.ActiveCfg = Debug|Any CPU
		{D7C0ADE5-570A-103F-04F8-2F7F08F03279}.Debug|Any CPU.Build.0 = Debug|Any CPU
		{D7C0ADE5-570A-103F-04F8-2F7F08F03279}.Debug|x64.ActiveCfg = Debug|Any CPU
		{D7C0ADE5-570A-103F-04F8-2F7F08F03279}.Debug|x64.Build.0 = Debug|Any CPU
		{D7C0ADE5-570A-103F-04F8-2F7F08F03279}.Debug|x86.ActiveCfg = Debug|Any CPU
		{D7C0ADE5-570A-103F-04F8-2F7F08F03279}.Debug|x86.Build.0 = Debug|Any CPU
		{D7C0ADE5-570A-103F-04F8-2F7F08F03279}.Release|Any CPU.ActiveCfg = Release|Any CPU
		{D7C0ADE5-570A-103F-04F8-2F7F08F03279}.Release|Any CPU.Build.0 = Release|Any CPU
		{D7C0ADE5-570A-103F-04F8-2F7F08F03279}.Release|x64.ActiveCfg = Release|Any CPU
		{D7C0ADE5-570A-103F-04F8-2F7F08F03279}.Release|x64.Build.0 = Release|Any CPU
		{D7C0ADE5-570A-103F-04F8-2F7F08F03279}.Release|x86.ActiveCfg = Release|Any CPU
		{D7C0ADE5-570A-103F-04F8-2F7F08F03279}.Release|x86.Build.0 = Release|Any CPU
		{B069B3BD-F6BC-CC40-82AB-3FCC2EA50FDF}.Debug|Any CPU.ActiveCfg = Debug|Any CPU
		{B069B3BD-F6BC-CC40-82AB-3FCC2EA50FDF}.Debug|Any CPU.Build.0 = Debug|Any CPU
		{B069B3BD-F6BC-CC40-82AB-3FCC2EA50FDF}.Debug|Any CPU.Deploy.0 = Debug|Any CPU
		{B069B3BD-F6BC-CC40-82AB-3FCC2EA50FDF}.Debug|x64.ActiveCfg = Debug|Any CPU
		{B069B3BD-F6BC-CC40-82AB-3FCC2EA50FDF}.Debug|x64.Build.0 = Debug|Any CPU
		{B069B3BD-F6BC-CC40-82AB-3FCC2EA50FDF}.Debug|x64.Deploy.0 = Debug|Any CPU
		{B069B3BD-F6BC-CC40-82AB-3FCC2EA50FDF}.Debug|x86.ActiveCfg = Debug|Any CPU
		{B069B3BD-F6BC-CC40-82AB-3FCC2EA50FDF}.Debug|x86.Build.0 = Debug|Any CPU
		{B069B3BD-F6BC-CC40-82AB-3FCC2EA50FDF}.Debug|x86.Deploy.0 = Debug|Any CPU
		{B069B3BD-F6BC-CC40-82AB-3FCC2EA50FDF}.Release|Any CPU.ActiveCfg = Release|Any CPU
		{B069B3BD-F6BC-CC40-82AB-3FCC2EA50FDF}.Release|Any CPU.Build.0 = Release|Any CPU
		{B069B3BD-F6BC-CC40-82AB-3FCC2EA50FDF}.Release|Any CPU.Deploy.0 = Release|Any CPU
		{B069B3BD-F6BC-CC40-82AB-3FCC2EA50FDF}.Release|x64.ActiveCfg = Release|Any CPU
		{B069B3BD-F6BC-CC40-82AB-3FCC2EA50FDF}.Release|x64.Build.0 = Release|Any CPU
		{B069B3BD-F6BC-CC40-82AB-3FCC2EA50FDF}.Release|x64.Deploy.0 = Release|Any CPU
		{B069B3BD-F6BC-CC40-82AB-3FCC2EA50FDF}.Release|x86.ActiveCfg = Release|Any CPU
		{B069B3BD-F6BC-CC40-82AB-3FCC2EA50FDF}.Release|x86.Build.0 = Release|Any CPU
		{B069B3BD-F6BC-CC40-82AB-3FCC2EA50FDF}.Release|x86.Deploy.0 = Release|Any CPU
		{BF9724FF-174F-4F13-B622-CAF8D22B1E08}.Debug|Any CPU.ActiveCfg = Debug|Any CPU
		{BF9724FF-174F-4F13-B622-CAF8D22B1E08}.Debug|Any CPU.Build.0 = Debug|Any CPU
		{BF9724FF-174F-4F13-B622-CAF8D22B1E08}.Debug|x64.ActiveCfg = Debug|Any CPU
		{BF9724FF-174F-4F13-B622-CAF8D22B1E08}.Debug|x64.Build.0 = Debug|Any CPU
		{BF9724FF-174F-4F13-B622-CAF8D22B1E08}.Debug|x86.ActiveCfg = Debug|Any CPU
		{BF9724FF-174F-4F13-B622-CAF8D22B1E08}.Debug|x86.Build.0 = Debug|Any CPU
		{BF9724FF-174F-4F13-B622-CAF8D22B1E08}.Release|Any CPU.ActiveCfg = Release|Any CPU
		{BF9724FF-174F-4F13-B622-CAF8D22B1E08}.Release|Any CPU.Build.0 = Release|Any CPU
		{BF9724FF-174F-4F13-B622-CAF8D22B1E08}.Release|x64.ActiveCfg = Release|Any CPU
		{BF9724FF-174F-4F13-B622-CAF8D22B1E08}.Release|x64.Build.0 = Release|Any CPU
		{BF9724FF-174F-4F13-B622-CAF8D22B1E08}.Release|x86.ActiveCfg = Release|Any CPU
		{BF9724FF-174F-4F13-B622-CAF8D22B1E08}.Release|x86.Build.0 = Release|Any CPU
		{37B58BCE-E6D6-4364-A616-C2D1CF3DEF80}.Debug|Any CPU.ActiveCfg = Debug|Any CPU
		{37B58BCE-E6D6-4364-A616-C2D1CF3DEF80}.Debug|Any CPU.Build.0 = Debug|Any CPU
		{37B58BCE-E6D6-4364-A616-C2D1CF3DEF80}.Debug|x64.ActiveCfg = Debug|Any CPU
		{37B58BCE-E6D6-4364-A616-C2D1CF3DEF80}.Debug|x64.Build.0 = Debug|Any CPU
		{37B58BCE-E6D6-4364-A616-C2D1CF3DEF80}.Debug|x86.ActiveCfg = Debug|Any CPU
		{37B58BCE-E6D6-4364-A616-C2D1CF3DEF80}.Debug|x86.Build.0 = Debug|Any CPU
		{37B58BCE-E6D6-4364-A616-C2D1CF3DEF80}.Release|Any CPU.ActiveCfg = Release|Any CPU
		{37B58BCE-E6D6-4364-A616-C2D1CF3DEF80}.Release|Any CPU.Build.0 = Release|Any CPU
		{37B58BCE-E6D6-4364-A616-C2D1CF3DEF80}.Release|x64.ActiveCfg = Release|Any CPU
		{37B58BCE-E6D6-4364-A616-C2D1CF3DEF80}.Release|x64.Build.0 = Release|Any CPU
		{37B58BCE-E6D6-4364-A616-C2D1CF3DEF80}.Release|x86.ActiveCfg = Release|Any CPU
		{37B58BCE-E6D6-4364-A616-C2D1CF3DEF80}.Release|x86.Build.0 = Release|Any CPU
		{8C98FB6F-E500-4384-95A6-FD11C2582D28}.Debug|Any CPU.ActiveCfg = Debug|Any CPU
		{8C98FB6F-E500-4384-95A6-FD11C2582D28}.Debug|Any CPU.Build.0 = Debug|Any CPU
		{8C98FB6F-E500-4384-95A6-FD11C2582D28}.Debug|x64.ActiveCfg = Debug|Any CPU
		{8C98FB6F-E500-4384-95A6-FD11C2582D28}.Debug|x64.Build.0 = Debug|Any CPU
		{8C98FB6F-E500-4384-95A6-FD11C2582D28}.Debug|x86.ActiveCfg = Debug|Any CPU
		{8C98FB6F-E500-4384-95A6-FD11C2582D28}.Debug|x86.Build.0 = Debug|Any CPU
		{8C98FB6F-E500-4384-95A6-FD11C2582D28}.Release|Any CPU.ActiveCfg = Release|Any CPU
		{8C98FB6F-E500-4384-95A6-FD11C2582D28}.Release|Any CPU.Build.0 = Release|Any CPU
		{8C98FB6F-E500-4384-95A6-FD11C2582D28}.Release|x64.ActiveCfg = Release|Any CPU
		{8C98FB6F-E500-4384-95A6-FD11C2582D28}.Release|x64.Build.0 = Release|Any CPU
		{8C98FB6F-E500-4384-95A6-FD11C2582D28}.Release|x86.ActiveCfg = Release|Any CPU
		{8C98FB6F-E500-4384-95A6-FD11C2582D28}.Release|x86.Build.0 = Release|Any CPU
		{4D535B23-C891-4D7D-9FD9-3F3ADE475A24}.Debug|Any CPU.ActiveCfg = Debug|Any CPU
		{4D535B23-C891-4D7D-9FD9-3F3ADE475A24}.Debug|Any CPU.Build.0 = Debug|Any CPU
		{4D535B23-C891-4D7D-9FD9-3F3ADE475A24}.Debug|x64.ActiveCfg = Debug|Any CPU
		{4D535B23-C891-4D7D-9FD9-3F3ADE475A24}.Debug|x64.Build.0 = Debug|Any CPU
		{4D535B23-C891-4D7D-9FD9-3F3ADE475A24}.Debug|x86.ActiveCfg = Debug|Any CPU
		{4D535B23-C891-4D7D-9FD9-3F3ADE475A24}.Debug|x86.Build.0 = Debug|Any CPU
		{4D535B23-C891-4D7D-9FD9-3F3ADE475A24}.Release|Any CPU.ActiveCfg = Release|Any CPU
		{4D535B23-C891-4D7D-9FD9-3F3ADE475A24}.Release|Any CPU.Build.0 = Release|Any CPU
		{4D535B23-C891-4D7D-9FD9-3F3ADE475A24}.Release|x64.ActiveCfg = Release|Any CPU
		{4D535B23-C891-4D7D-9FD9-3F3ADE475A24}.Release|x64.Build.0 = Release|Any CPU
		{4D535B23-C891-4D7D-9FD9-3F3ADE475A24}.Release|x86.ActiveCfg = Release|Any CPU
		{4D535B23-C891-4D7D-9FD9-3F3ADE475A24}.Release|x86.Build.0 = Release|Any CPU
		{61EDD202-D93C-4309-8B23-596EE90D2751}.Debug|Any CPU.ActiveCfg = Debug|Any CPU
		{61EDD202-D93C-4309-8B23-596EE90D2751}.Debug|Any CPU.Build.0 = Debug|Any CPU
		{61EDD202-D93C-4309-8B23-596EE90D2751}.Debug|x64.ActiveCfg = Debug|Any CPU
		{61EDD202-D93C-4309-8B23-596EE90D2751}.Debug|x64.Build.0 = Debug|Any CPU
		{61EDD202-D93C-4309-8B23-596EE90D2751}.Debug|x86.ActiveCfg = Debug|Any CPU
		{61EDD202-D93C-4309-8B23-596EE90D2751}.Debug|x86.Build.0 = Debug|Any CPU
		{61EDD202-D93C-4309-8B23-596EE90D2751}.Release|Any CPU.ActiveCfg = Release|Any CPU
		{61EDD202-D93C-4309-8B23-596EE90D2751}.Release|Any CPU.Build.0 = Release|Any CPU
		{61EDD202-D93C-4309-8B23-596EE90D2751}.Release|x64.ActiveCfg = Release|Any CPU
		{61EDD202-D93C-4309-8B23-596EE90D2751}.Release|x64.Build.0 = Release|Any CPU
		{61EDD202-D93C-4309-8B23-596EE90D2751}.Release|x86.ActiveCfg = Release|Any CPU
		{61EDD202-D93C-4309-8B23-596EE90D2751}.Release|x86.Build.0 = Release|Any CPU
		{D22AC138-D517-4420-A25A-A735334A4DF6}.Debug|Any CPU.ActiveCfg = Debug|Any CPU
		{D22AC138-D517-4420-A25A-A735334A4DF6}.Debug|Any CPU.Build.0 = Debug|Any CPU
		{D22AC138-D517-4420-A25A-A735334A4DF6}.Debug|x64.ActiveCfg = Debug|Any CPU
		{D22AC138-D517-4420-A25A-A735334A4DF6}.Debug|x64.Build.0 = Debug|Any CPU
		{D22AC138-D517-4420-A25A-A735334A4DF6}.Debug|x86.ActiveCfg = Debug|Any CPU
		{D22AC138-D517-4420-A25A-A735334A4DF6}.Debug|x86.Build.0 = Debug|Any CPU
		{D22AC138-D517-4420-A25A-A735334A4DF6}.Release|Any CPU.ActiveCfg = Release|Any CPU
		{D22AC138-D517-4420-A25A-A735334A4DF6}.Release|Any CPU.Build.0 = Release|Any CPU
		{D22AC138-D517-4420-A25A-A735334A4DF6}.Release|x64.ActiveCfg = Release|Any CPU
		{D22AC138-D517-4420-A25A-A735334A4DF6}.Release|x64.Build.0 = Release|Any CPU
		{D22AC138-D517-4420-A25A-A735334A4DF6}.Release|x86.ActiveCfg = Release|Any CPU
		{D22AC138-D517-4420-A25A-A735334A4DF6}.Release|x86.Build.0 = Release|Any CPU
		{666C8BC6-6100-4B9F-875C-72C62194C2CD}.Debug|Any CPU.ActiveCfg = Debug|Any CPU
		{666C8BC6-6100-4B9F-875C-72C62194C2CD}.Debug|Any CPU.Build.0 = Debug|Any CPU
		{666C8BC6-6100-4B9F-875C-72C62194C2CD}.Debug|x64.ActiveCfg = Debug|Any CPU
		{666C8BC6-6100-4B9F-875C-72C62194C2CD}.Debug|x64.Build.0 = Debug|Any CPU
		{666C8BC6-6100-4B9F-875C-72C62194C2CD}.Debug|x86.ActiveCfg = Debug|Any CPU
		{666C8BC6-6100-4B9F-875C-72C62194C2CD}.Debug|x86.Build.0 = Debug|Any CPU
		{666C8BC6-6100-4B9F-875C-72C62194C2CD}.Release|Any CPU.ActiveCfg = Release|Any CPU
		{666C8BC6-6100-4B9F-875C-72C62194C2CD}.Release|Any CPU.Build.0 = Release|Any CPU
		{666C8BC6-6100-4B9F-875C-72C62194C2CD}.Release|x64.ActiveCfg = Release|Any CPU
		{666C8BC6-6100-4B9F-875C-72C62194C2CD}.Release|x64.Build.0 = Release|Any CPU
		{666C8BC6-6100-4B9F-875C-72C62194C2CD}.Release|x86.ActiveCfg = Release|Any CPU
		{666C8BC6-6100-4B9F-875C-72C62194C2CD}.Release|x86.Build.0 = Release|Any CPU
	EndGlobalSection
	GlobalSection(SolutionProperties) = preSolution
		HideSolutionNode = FALSE
	EndGlobalSection
	GlobalSection(NestedProjects) = preSolution
		{D40EE306-9A2B-4E91-AA3A-259CF3A9FD63} = {0AB3BF05-4346-4AA6-1389-037BE0695223}
		{4D535B23-C891-4D7D-9FD9-3F3ADE475A24} = {0AB3BF05-4346-4AA6-1389-037BE0695223}
		{61EDD202-D93C-4309-8B23-596EE90D2751} = {0AB3BF05-4346-4AA6-1389-037BE0695223}
		{D22AC138-D517-4420-A25A-A735334A4DF6} = {0AB3BF05-4346-4AA6-1389-037BE0695223}
		{666C8BC6-6100-4B9F-875C-72C62194C2CD} = {0AB3BF05-4346-4AA6-1389-037BE0695223}
	EndGlobalSection
	GlobalSection(ExtensibilityGlobals) = postSolution
		SolutionGuid = {B3BB0D1B-BD2F-4022-B2DC-835B0E84F12C}
	EndGlobalSection
EndGlobal
